
Microsoft Visual Studio Solution File, Format Version 12.00
# Visual Studio Version 16
VisualStudioVersion = 16.0.29728.190
MinimumVisualStudioVersion = 10.0.40219.1
Project("{FAE04EC0-301F-11D3-BF4B-00C04F79EFBC}") = "WSProducto", "WSProducto.csproj", "{272B3861-B826-4F3F-9F42-1AA0FA35DAB5}"
EndProject
Global
	GlobalSection(SolutionConfigurationPlatforms) = preSolution
		Debug|Any CPU = Debug|Any CPU
		Release|Any CPU = Release|Any CPU
	EndGlobalSection
	GlobalSection(ProjectConfigurationPlatforms) = postSolution
		{272B3861-B826-4F3F-9F42-1AA0FA35DAB5}.Debug|Any CPU.ActiveCfg = Debug|Any CPU
		{272B3861-B826-4F3F-9F42-1AA0FA35DAB5}.Debug|Any CPU.Build.0 = Debug|Any CPU
		{272B3861-B826-4F3F-9F42-1AA0FA35DAB5}.Release|Any CPU.ActiveCfg = Release|Any CPU
		{272B3861-B826-4F3F-9F42-1AA0FA35DAB5}.Release|Any CPU.Build.0 = Release|Any CPU
	EndGlobalSection
	GlobalSection(SolutionProperties) = preSolution
		HideSolutionNode = FALSE
	EndGlobalSection
	GlobalSection(ExtensibilityGlobals) = postSolution
		SolutionGuid = {D5730774-2BA9-4AA4-9777-F49A44D8AD61}
	EndGlobalSection
EndGlobal
